
Microsoft Visual Studio Solution File, Format Version 12.00
# Visual Studio Version 16
VisualStudioVersion = 16.0.30225.117
MinimumVisualStudioVersion = 10.0.40219.1
Project("{FAE04EC0-301F-11D3-BF4B-00C04F79EFBC}") = "RepositoryPatternExp", "RepositoryPatternExp.csproj", "{54A25385-1390-4F7F-8BBE-0ECEC2CC1E95}"
EndProject
Global
	GlobalSection(SolutionConfigurationPlatforms) = preSolution
		Debug|Any CPU = Debug|Any CPU
		Release|Any CPU = Release|Any CPU
	EndGlobalSection
	GlobalSection(ProjectConfigurationPlatforms) = postSolution
		{54A25385-1390-4F7F-8BBE-0ECEC2CC1E95}.Debug|Any CPU.ActiveCfg = Debug|Any CPU
		{54A25385-1390-4F7F-8BBE-0ECEC2CC1E95}.Debug|Any CPU.Build.0 = Debug|Any CPU
		{54A25385-1390-4F7F-8BBE-0ECEC2CC1E95}.Release|Any CPU.ActiveCfg = Release|Any CPU
		{54A25385-1390-4F7F-8BBE-0ECEC2CC1E95}.Release|Any CPU.Build.0 = Release|Any CPU
	EndGlobalSection
	GlobalSection(SolutionProperties) = preSolution
		HideSolutionNode = FALSE
	EndGlobalSection
	GlobalSection(ExtensibilityGlobals) = postSolution
		SolutionGuid = {CD839C24-06C0-4763-9B35-5F1F05678188}
	EndGlobalSection
EndGlobal
